<?xml version="1.0" encoding="UTF-8" standalone="yes" ?>
<CodeBlocks_project_file>
	<FileVersion major="1" minor="6" />
	<Project>
		<Option title="game" />
		<Option makefile_is_custom="1" />
		<Option pch_mode="2" />
		<Option compiler="gcc" />
		<Build>
			<Target title="Debug">
				<Option type="4" />
				<Option compiler="gcc" />
				<MakeCommands>
					<Build command="DEBUG_BUILD=NO $make -C ../ -f $makefile game" />
					<CompileFile command="DEBUG_BUILD=NO $make -C ../ -f $makefile $file" />
					<Clean command="DEBUG_BUILD=NO $make -C ../ -f $makefile clean-game" />
					<DistClean command="DEBUG_BUILD=NO $make -C ../ -f $makefile distclean$target" />
				</MakeCommands>
			</Target>
			<Target title="Debug MinGW">
				<Option type="4" />
				<Option compiler="gcc" />
				<MakeCommands>
					<Build command="USE_MINGW=YES DEBUG_BUILD=YES $make -C ../ -f $makefile game" />
					<CompileFile command="USE_MINGW=YES DEBUG_BUILD=YES $make -C ../ -f $makefile $file" />
					<Clean command="USE_MINGW=YES DEBUG_BUILD=YES $make -C ../ -f $makefile clean-game" />
					<DistClean command="USE_MINGW=YES DEBUG_BUILD=YES $make -C ../ -f $makefile distclean-game" />
				</MakeCommands>
			</Target>
			<Target title="Release">
				<Option type="4" />
				<Option compiler="gcc" />
				<MakeCommands>
					<Build command="DEBUG_BUILD=NO $make -C ../ -f $makefile game" />
					<CompileFile command="DEBUG_BUILD=NO $make -C ../ -f $makefile $file" />
					<Clean command="DEBUG_BUILD=NO $make -C ../ -f $makefile clean-game" />
					<DistClean command="DEBUG_BUILD=NO $make -C ../ -f $makefile distclean$target" />
				</MakeCommands>
			</Target>
			<Target title="Release MinGW">
				<Option type="4" />
				<Option compiler="gcc" />
				<MakeCommands>
					<Build command="USE_MINGW=YES DEBUG_BUILD=NO $make -C ../ -f $makefile game" />
					<CompileFile command="USE_MINGW=YES DEBUG_BUILD=NO $make -C ../ -f $makefile $file" />
					<Clean command="USE_MINGW=YES DEBUG_BUILD=NO $make -C ../ -f $makefile clean-game" />
					<DistClean command="USE_MINGW=YES DEBUG_BUILD=NO $make -C ../ -f $makefile distclean-game" />
				</MakeCommands>
			</Target>
		</Build>
		<Unit filename="ai/AStar.c">
			<Option compilerVar="CC" />
			<Option target="&lt;{~None~}&gt;" />
		</Unit>
		<Unit filename="ai/AStar.h">
			<Option target="&lt;{~None~}&gt;" />
		</Unit>
		<Unit filename="ai/ai.h">
			<Option target="&lt;{~None~}&gt;" />
		</Unit>
		<Unit filename="ai/ai_class_dmbot.c">
			<Option compilerVar="CC" />
			<Option target="&lt;{~None~}&gt;" />
		</Unit>
		<Unit filename="ai/ai_common.c">
			<Option compilerVar="CC" />
			<Option target="&lt;{~None~}&gt;" />
		</Unit>
		<Unit filename="ai/ai_dropnodes.c">
			<Option compilerVar="CC" />
			<Option target="&lt;{~None~}&gt;" />
		</Unit>
		<Unit filename="ai/ai_items.c">
			<Option compilerVar="CC" />
			<Option target="&lt;{~None~}&gt;" />
		</Unit>
		<Unit filename="ai/ai_links.c">
			<Option compilerVar="CC" />
			<Option target="&lt;{~None~}&gt;" />
		</Unit>
		<Unit filename="ai/ai_local.h">
			<Option target="&lt;{~None~}&gt;" />
		</Unit>
		<Unit filename="ai/ai_main.c">
			<Option compilerVar="CC" />
			<Option target="&lt;{~None~}&gt;" />
		</Unit>
		<Unit filename="ai/ai_movement.c">
			<Option compilerVar="CC" />
			<Option target="&lt;{~None~}&gt;" />
		</Unit>
		<Unit filename="ai/ai_navigation.c">
			<Option compilerVar="CC" />
			<Option target="&lt;{~None~}&gt;" />
		</Unit>
		<Unit filename="ai/ai_nodes.c">
			<Option compilerVar="CC" />
			<Option target="&lt;{~None~}&gt;" />
		</Unit>
		<Unit filename="ai/ai_tools.c">
			<Option compilerVar="CC" />
			<Option target="&lt;{~None~}&gt;" />
		</Unit>
		<Unit filename="ai/bot_spawn.c">
			<Option compilerVar="CC" />
			<Option target="&lt;{~None~}&gt;" />
		</Unit>
		<Unit filename="anorms.h">
			<Option target="&lt;{~None~}&gt;" />
		</Unit>
		<Unit filename="g_ascript.c">
			<Option compilerVar="CC" />
			<Option target="&lt;{~None~}&gt;" />
		</Unit>
		<Unit filename="g_awards.c">
			<Option compilerVar="CC" />
			<Option target="&lt;{~None~}&gt;" />
		</Unit>
		<Unit filename="g_callvotes.c">
			<Option compilerVar="CC" />
			<Option target="&lt;{~None~}&gt;" />
		</Unit>
		<Unit filename="g_chase.c">
			<Option compilerVar="CC" />
			<Option target="&lt;{~None~}&gt;" />
		</Unit>
		<Unit filename="g_clip.c">
			<Option compilerVar="CC" />
			<Option target="&lt;{~None~}&gt;" />
		</Unit>
		<Unit filename="g_cmds.c">
			<Option compilerVar="CC" />
			<Option target="&lt;{~None~}&gt;" />
		</Unit>
		<Unit filename="g_combat.c">
			<Option compilerVar="CC" />
			<Option target="&lt;{~None~}&gt;" />
		</Unit>
		<Unit filename="g_frame.c">
			<Option compilerVar="CC" />
			<Option target="&lt;{~None~}&gt;" />
		</Unit>
		<Unit filename="g_func.c">
			<Option compilerVar="CC" />
			<Option target="&lt;{~None~}&gt;" />
		</Unit>
		<Unit filename="g_gameteams.c">
			<Option compilerVar="CC" />
			<Option target="&lt;{~None~}&gt;" />
		</Unit>
		<Unit filename="g_gametypes.c">
			<Option compilerVar="CC" />
			<Option target="&lt;{~None~}&gt;" />
		</Unit>
		<Unit filename="g_gametypes.h">
			<Option target="&lt;{~None~}&gt;" />
		</Unit>
		<Unit filename="g_items.c">
			<Option compilerVar="CC" />
			<Option target="&lt;{~None~}&gt;" />
		</Unit>
		<Unit filename="g_local.h">
			<Option target="&lt;{~None~}&gt;" />
		</Unit>
		<Unit filename="g_main.c">
			<Option compilerVar="CC" />
			<Option target="&lt;{~None~}&gt;" />
		</Unit>
		<Unit filename="g_misc.c">
			<Option compilerVar="CC" />
			<Option target="&lt;{~None~}&gt;" />
		</Unit>
		<Unit filename="g_mm.c">
			<Option compilerVar="CC" />
			<Option target="&lt;{~None~}&gt;" />
		</Unit>
		<Unit filename="g_phys.c">
			<Option compilerVar="CC" />
			<Option target="&lt;{~None~}&gt;" />
		</Unit>
		<Unit filename="g_public.h">
			<Option target="&lt;{~None~}&gt;" />
		</Unit>
		<Unit filename="g_spawn.c">
			<Option compilerVar="CC" />
			<Option target="&lt;{~None~}&gt;" />
		</Unit>
		<Unit filename="g_spawnpoints.c">
			<Option compilerVar="CC" />
			<Option target="&lt;{~None~}&gt;" />
		</Unit>
		<Unit filename="g_svcmds.c">
			<Option compilerVar="CC" />
			<Option target="&lt;{~None~}&gt;" />
		</Unit>
		<Unit filename="g_syscalls.c">
			<Option compilerVar="CC" />
			<Option target="&lt;{~None~}&gt;" />
		</Unit>
		<Unit filename="g_syscalls.h">
			<Option target="&lt;{~None~}&gt;" />
		</Unit>
		<Unit filename="g_target.c">
			<Option compilerVar="CC" />
			<Option target="&lt;{~None~}&gt;" />
		</Unit>
		<Unit filename="g_trigger.c">
			<Option compilerVar="CC" />
			<Option target="&lt;{~None~}&gt;" />
		</Unit>
		<Unit filename="g_utils.c">
			<Option compilerVar="CC" />
			<Option target="&lt;{~None~}&gt;" />
		</Unit>
		<Unit filename="g_weapon.c">
			<Option compilerVar="CC" />
			<Option target="&lt;{~None~}&gt;" />
		</Unit>
		<Unit filename="game.def">
			<Option target="&lt;{~None~}&gt;" />
		</Unit>
		<Unit filename="p_client.c">
			<Option compilerVar="CC" />
			<Option target="&lt;{~None~}&gt;" />
		</Unit>
		<Unit filename="p_hud.c">
			<Option compilerVar="CC" />
			<Option target="&lt;{~None~}&gt;" />
		</Unit>
		<Unit filename="p_view.c">
			<Option compilerVar="CC" />
			<Option target="&lt;{~None~}&gt;" />
		</Unit>
		<Unit filename="p_weapon.c">
			<Option compilerVar="CC" />
			<Option target="&lt;{~None~}&gt;" />
		</Unit>
		<Unit filename="../gameshared/angelref.h">
			<Option target="&lt;{~None~}&gt;" />
		</Unit>
		<Unit filename="../gameshared/config.h">
			<Option target="&lt;{~None~}&gt;" />
		</Unit>
		<Unit filename="../gameshared/gs_gameteams.c">
			<Option compilerVar="CC" />
			<Option target="&lt;{~None~}&gt;" />
		</Unit>
		<Unit filename="../gameshared/gs_items.c">
			<Option compilerVar="CC" />
			<Option target="&lt;{~None~}&gt;" />
		</Unit>
		<Unit filename="../gameshared/gs_misc.c">
			<Option compilerVar="CC" />
			<Option target="&lt;{~None~}&gt;" />
		</Unit>
		<Unit filename="../gameshared/gs_players.c">
			<Option compilerVar="CC" />
			<Option target="&lt;{~None~}&gt;" />
		</Unit>
		<Unit filename="../gameshared/gs_pmove.c">
			<Option compilerVar="CC" />
			<Option target="&lt;{~None~}&gt;" />
		</Unit>
		<Unit filename="../gameshared/gs_public.h">
			<Option target="&lt;{~None~}&gt;" />
		</Unit>
		<Unit filename="../gameshared/gs_qrespath.h">
			<Option target="&lt;{~None~}&gt;" />
		</Unit>
		<Unit filename="../gameshared/gs_ref.h">
			<Option target="&lt;{~None~}&gt;" />
		</Unit>
		<Unit filename="../gameshared/gs_slidebox.c">
			<Option compilerVar="CC" />
			<Option target="&lt;{~None~}&gt;" />
		</Unit>
		<Unit filename="../gameshared/gs_weapondefs.c">
			<Option compilerVar="CC" />
			<Option target="&lt;{~None~}&gt;" />
		</Unit>
		<Unit filename="../gameshared/gs_weapons.c">
			<Option compilerVar="CC" />
			<Option target="&lt;{~None~}&gt;" />
		</Unit>
		<Unit filename="../gameshared/q_arch.h">
			<Option target="&lt;{~None~}&gt;" />
		</Unit>
		<Unit filename="../gameshared/q_collision.h">
			<Option target="&lt;{~None~}&gt;" />
		</Unit>
		<Unit filename="../gameshared/q_comref.h">
			<Option target="&lt;{~None~}&gt;" />
		</Unit>
		<Unit filename="../gameshared/q_cvar.h">
			<Option target="&lt;{~None~}&gt;" />
		</Unit>
		<Unit filename="../gameshared/q_dynvar.h">
			<Option target="&lt;{~None~}&gt;" />
		</Unit>
		<Unit filename="../gameshared/q_math.c">
			<Option compilerVar="CC" />
			<Option target="&lt;{~None~}&gt;" />
		</Unit>
		<Unit filename="../gameshared/q_math.h">
			<Option target="&lt;{~None~}&gt;" />
		</Unit>
		<Unit filename="../gameshared/q_shared.c">
			<Option compilerVar="CC" />
			<Option target="&lt;{~None~}&gt;" />
		</Unit>
		<Unit filename="../gameshared/q_shared.h">
			<Option target="&lt;{~None~}&gt;" />
		</Unit>
		<Extensions>
			<code_completion />
			<debugger />
		</Extensions>
	</Project>
</CodeBlocks_project_file>
