<?xml version="1.0" encoding="UTF-8" standalone="yes" ?>
<CodeBlocks_project_file>
	<FileVersion major="1" minor="6" />
	<Project>
		<Option title="irc" />
		<Option makefile_is_custom="1" />
		<Option pch_mode="2" />
		<Option compiler="gcc" />
		<Build>
			<Target title="Debug">
				<Option type="4" />
				<Option compiler="gcc" />
				<Compiler>
					<Add option="-Wall" />
					<Add option="-DWIN32" />
					<Add option="-DNDEBUG" />
					<Add option="-D_WINDOWS" />
					<Add option="-D_CRT_SECURE_NO_DEPRECATE" />
				</Compiler>
				<Linker>
					<Add library="ws2_32" />
				</Linker>
				<MakeCommands>
					<Build command="DEBUG_BUILD=YES $make -C ../ -f $makefile irc" />
					<CompileFile command="DEBUG_BUILD=YES $make -C ../ -f $makefile $file" />
					<Clean command="DEBUG_BUILD=YES $make -C ../ -f $makefile clean-irc" />
					<DistClean command="DEBUG_BUILD=YES $make -C ../ -f $makefile distclean-irc" />
				</MakeCommands>
			</Target>
			<Target title="Debug MinGW">
				<Option type="4" />
				<Option compiler="gcc" />
				<Compiler>
					<Add option="-Wall" />
					<Add option="-DWIN32" />
					<Add option="-DNDEBUG" />
					<Add option="-D_WINDOWS" />
					<Add option="-D_CRT_SECURE_NO_DEPRECATE" />
				</Compiler>
				<Linker>
					<Add library="ws2_32" />
				</Linker>
				<MakeCommands>
					<Build command="USE_MINGW=YES DEBUG_BUILD=YES $make -C ../ -f $makefile irc" />
					<CompileFile command="USE_MINGW=YES DEBUG_BUILD=YES $make -C ../ -f $makefile $file" />
					<Clean command="USE_MINGW=YES DEBUG_BUILD=YES $make -C ../ -f $makefile clean-irc" />
					<DistClean command="USE_MINGW=YES DEBUG_BUILD=YES $make -C ../ -f $makefile distclean-irc" />
				</MakeCommands>
			</Target>
			<Target title="Release">
				<Option type="4" />
				<Option compiler="gcc" />
				<Compiler>
					<Add option="-Wall" />
					<Add option="-DWIN32" />
					<Add option="-DNDEBUG" />
					<Add option="-D_WINDOWS" />
					<Add option="-D_CRT_SECURE_NO_DEPRECATE" />
				</Compiler>
				<Linker>
					<Add library="ws2_32" />
				</Linker>
				<MakeCommands>
					<Build command="DEBUG_BUILD=NO $make -C ../ -f $makefile irc" />
					<CompileFile command="DEBUG_BUILD=NO $make -C ../ -f $makefile $file" />
					<Clean command="DEBUG_BUILD=NO $make -C ../ -f $makefile clean-irc" />
					<DistClean command="DEBUG_BUILD=NO $make -C ../ -f $makefile distclean-irc" />
				</MakeCommands>
			</Target>
			<Target title="Release MinGW">
				<Option type="4" />
				<Option compiler="gcc" />
				<Compiler>
					<Add option="-Wall" />
					<Add option="-DWIN32" />
					<Add option="-DNDEBUG" />
					<Add option="-D_WINDOWS" />
					<Add option="-D_CRT_SECURE_NO_DEPRECATE" />
				</Compiler>
				<Linker>
					<Add library="ws2_32" />
				</Linker>
				<MakeCommands>
					<Build command="USE_MINGW=YES DEBUG_BUILD=NO $make -C ../ -f $makefile irc" />
					<CompileFile command="USE_MINGW=YES DEBUG_BUILD=NO $make -C ../ -f $makefile $file" />
					<Clean command="USE_MINGW=YES DEBUG_BUILD=NO $make -C ../ -f $makefile clean-irc" />
					<DistClean command="USE_MINGW=YES DEBUG_BUILD=NO $make -C ../ -f $makefile distclean-irc" />
				</MakeCommands>
			</Target>
		</Build>
		<Unit filename="irc.def" />
		<Unit filename="irc_client.c">
			<Option compilerVar="CC" />
		</Unit>
		<Unit filename="irc_client.h" />
		<Unit filename="irc_common.c">
			<Option compilerVar="CC" />
		</Unit>
		<Unit filename="irc_common.h" />
		<Unit filename="irc_gui.c">
			<Option compilerVar="CC" />
		</Unit>
		<Unit filename="irc_interface.c">
			<Option compilerVar="CC" />
		</Unit>
		<Unit filename="irc_interface.h" />
		<Unit filename="irc_listeners.c">
			<Option compilerVar="CC" />
		</Unit>
		<Unit filename="irc_listeners.h" />
		<Unit filename="irc_logic.c">
			<Option compilerVar="CC" />
		</Unit>
		<Unit filename="irc_logic.h" />
		<Unit filename="irc_net.c">
			<Option compilerVar="CC" />
		</Unit>
		<Unit filename="irc_net.h" />
		<Unit filename="irc_protocol.c">
			<Option compilerVar="CC" />
		</Unit>
		<Unit filename="irc_protocol.h" />
		<Unit filename="irc_rcon.c">
			<Option compilerVar="CC" />
		</Unit>
		<Unit filename="irc_rcon.h" />
		<Extensions>
			<code_completion />
			<debugger />
		</Extensions>
	</Project>
</CodeBlocks_project_file>
