<?xml version="1.0" encoding="UTF-8" standalone="yes" ?>
<CodeBlocks_project_file>
	<FileVersion major="1" minor="6" />
	<Project>
		<Option title="cgame" />
		<Option makefile_is_custom="1" />
		<Option pch_mode="2" />
		<Option compiler="gcc" />
		<MakeCommands>
			<Build command="$make -f $makefile $target" />
			<CompileFile command="$make -f $makefile $file" />
			<Clean command="$make -f $makefile clean-$target" />
			<DistClean command="$make -f $makefile distclean$target" />
		</MakeCommands>
		<Build>
			<Target title="Debug">
				<Option type="4" />
				<Option compiler="gcc" />
				<MakeCommands>
					<Build command="DEBUG_BUILD=YES $make -C ../ -f $makefile cgame" />
					<CompileFile command="DEBUG_BUILD=YES $make -C ../ -f $makefile $file" />
					<Clean command="DEBUG_BUILD=YES $make -C ../ -f $makefile clean-cgame" />
					<DistClean command="DEBUG_BUILD=YES $make -C ../ -f $makefile distclean-game" />
				</MakeCommands>
			</Target>
			<Target title="Debug MinGW">
				<Option type="4" />
				<Option compiler="gcc" />
				<MakeCommands>
					<Build command="USE_MINGW=YES DEBUG_BUILD=YES $make -C ../ -f $makefile cgame" />
					<CompileFile command="USE_MINGW=YES DEBUG_BUILD=YES $make -C ../ -f $makefile $file" />
					<Clean command="USE_MINGW=YES DEBUG_BUILD=YES $make -C ../ -f $makefile clean-cgame" />
					<DistClean command="USE_MINGW=YES DEBUG_BUILD=YES $make -C ../ -f $makefile distclean-game" />
				</MakeCommands>
			</Target>
			<Target title="Release">
				<Option type="4" />
				<Option compiler="gcc" />
				<MakeCommands>
					<Build command="DEBUG_BUILD=NO $make -C ../ -f $makefile cgame" />
					<CompileFile command="DEBUG_BUILD=NO $make -C ../ -f $makefile $file" />
					<Clean command="DEBUG_BUILD=NO $make -C ../ -f $makefile clean-cgame" />
					<DistClean command="DEBUG_BUILD=NO $make -C ../ -f $makefile distclean-game" />
				</MakeCommands>
			</Target>
			<Target title="Release MinGW">
				<Option type="4" />
				<Option compiler="gcc" />
				<MakeCommands>
					<Build command="USE_MINGW=YES DEBUG_BUILD=NO $make -C ../ -f $makefile cgame" />
					<CompileFile command="USE_MINGW=YES DEBUG_BUILD=NO $make -C ../ -f $makefile $file" />
					<Clean command="USE_MINGW=YES DEBUG_BUILD=NO $make -C ../ -f $makefile clean-cgame" />
					<DistClean command="USE_MINGW=YES DEBUG_BUILD=NO $make -C ../ -f $makefile distclean-game" />
				</MakeCommands>
			</Target>
		</Build>
		<Unit filename="cg_boneposes.c">
			<Option compilerVar="CC" />
			<Option target="&lt;{~None~}&gt;" />
		</Unit>
		<Unit filename="cg_boneposes.h">
			<Option target="&lt;{~None~}&gt;" />
		</Unit>
		<Unit filename="cg_cmds.c">
			<Option compilerVar="CC" />
			<Option target="&lt;{~None~}&gt;" />
		</Unit>
		<Unit filename="cg_damage_indicator.c">
			<Option compilerVar="CC" />
			<Option compile="0" />
			<Option target="&lt;{~None~}&gt;" />
		</Unit>
		<Unit filename="cg_decals.c">
			<Option compilerVar="CC" />
			<Option target="&lt;{~None~}&gt;" />
		</Unit>
		<Unit filename="cg_democams.c">
			<Option compilerVar="CC" />
			<Option target="&lt;{~None~}&gt;" />
		</Unit>
		<Unit filename="cg_democams.h">
			<Option target="&lt;{~None~}&gt;" />
		</Unit>
		<Unit filename="cg_draw.c">
			<Option compilerVar="CC" />
			<Option target="&lt;{~None~}&gt;" />
		</Unit>
		<Unit filename="cg_effects.c">
			<Option compilerVar="CC" />
			<Option target="&lt;{~None~}&gt;" />
		</Unit>
		<Unit filename="cg_ents.c">
			<Option compilerVar="CC" />
			<Option target="&lt;{~None~}&gt;" />
		</Unit>
		<Unit filename="cg_events.c">
			<Option compilerVar="CC" />
			<Option target="&lt;{~None~}&gt;" />
		</Unit>
		<Unit filename="cg_hud.c">
			<Option compilerVar="CC" />
			<Option target="&lt;{~None~}&gt;" />
		</Unit>
		<Unit filename="cg_lents.c">
			<Option compilerVar="CC" />
			<Option target="&lt;{~None~}&gt;" />
		</Unit>
		<Unit filename="cg_local.h">
			<Option target="&lt;{~None~}&gt;" />
		</Unit>
		<Unit filename="cg_main.c">
			<Option compilerVar="CC" />
			<Option target="&lt;{~None~}&gt;" />
		</Unit>
		<Unit filename="cg_media.c">
			<Option compilerVar="CC" />
			<Option target="&lt;{~None~}&gt;" />
		</Unit>
		<Unit filename="cg_players.c">
			<Option compilerVar="CC" />
			<Option target="&lt;{~None~}&gt;" />
		</Unit>
		<Unit filename="cg_pmodels.c">
			<Option compilerVar="CC" />
			<Option target="&lt;{~None~}&gt;" />
		</Unit>
		<Unit filename="cg_pmodels.h">
			<Option target="&lt;{~None~}&gt;" />
		</Unit>
		<Unit filename="cg_polys.c">
			<Option compilerVar="CC" />
			<Option target="&lt;{~None~}&gt;" />
		</Unit>
		<Unit filename="cg_predict.c">
			<Option compilerVar="CC" />
			<Option target="&lt;{~None~}&gt;" />
		</Unit>
		<Unit filename="cg_public.h">
			<Option target="&lt;{~None~}&gt;" />
		</Unit>
		<Unit filename="cg_scoreboard.c">
			<Option compilerVar="CC" />
			<Option target="&lt;{~None~}&gt;" />
		</Unit>
		<Unit filename="cg_screen.c">
			<Option compilerVar="CC" />
			<Option target="&lt;{~None~}&gt;" />
		</Unit>
		<Unit filename="cg_syscalls.c">
			<Option compilerVar="CC" />
			<Option target="&lt;{~None~}&gt;" />
		</Unit>
		<Unit filename="cg_syscalls.h">
			<Option target="&lt;{~None~}&gt;" />
		</Unit>
		<Unit filename="cg_teams.c">
			<Option compilerVar="CC" />
			<Option target="&lt;{~None~}&gt;" />
		</Unit>
		<Unit filename="cg_test.c">
			<Option compilerVar="CC" />
			<Option target="&lt;{~None~}&gt;" />
		</Unit>
		<Unit filename="cg_view.c">
			<Option compilerVar="CC" />
			<Option target="&lt;{~None~}&gt;" />
		</Unit>
		<Unit filename="cg_vweap.c">
			<Option compilerVar="CC" />
			<Option target="&lt;{~None~}&gt;" />
		</Unit>
		<Unit filename="cg_wmodels.c">
			<Option compilerVar="CC" />
			<Option target="&lt;{~None~}&gt;" />
		</Unit>
		<Unit filename="cgame.def">
			<Option target="&lt;{~None~}&gt;" />
		</Unit>
		<Unit filename="ref.h">
			<Option target="&lt;{~None~}&gt;" />
		</Unit>
		<Unit filename="../gameshared/config.h">
			<Option target="&lt;{~None~}&gt;" />
		</Unit>
		<Unit filename="../gameshared/gs_gameteams.c">
			<Option compilerVar="CC" />
			<Option target="&lt;{~None~}&gt;" />
		</Unit>
		<Unit filename="../gameshared/gs_items.c">
			<Option compilerVar="CC" />
			<Option target="&lt;{~None~}&gt;" />
		</Unit>
		<Unit filename="../gameshared/gs_misc.c">
			<Option compilerVar="CC" />
			<Option target="&lt;{~None~}&gt;" />
		</Unit>
		<Unit filename="../gameshared/gs_players.c">
			<Option compilerVar="CC" />
			<Option target="&lt;{~None~}&gt;" />
		</Unit>
		<Unit filename="../gameshared/gs_pmove.c">
			<Option compilerVar="CC" />
			<Option target="&lt;{~None~}&gt;" />
		</Unit>
		<Unit filename="../gameshared/gs_public.h">
			<Option target="&lt;{~None~}&gt;" />
		</Unit>
		<Unit filename="../gameshared/gs_qrespath.h">
			<Option target="&lt;{~None~}&gt;" />
		</Unit>
		<Unit filename="../gameshared/gs_ref.h">
			<Option target="&lt;{~None~}&gt;" />
		</Unit>
		<Unit filename="../gameshared/gs_slidebox.c">
			<Option compilerVar="CC" />
			<Option target="&lt;{~None~}&gt;" />
		</Unit>
		<Unit filename="../gameshared/gs_weapondefs.c">
			<Option compilerVar="CC" />
			<Option target="&lt;{~None~}&gt;" />
		</Unit>
		<Unit filename="../gameshared/gs_weapons.c">
			<Option compilerVar="CC" />
			<Option target="&lt;{~None~}&gt;" />
		</Unit>
		<Unit filename="../gameshared/q_arch.h">
			<Option target="&lt;{~None~}&gt;" />
		</Unit>
		<Unit filename="../gameshared/q_collision.h">
			<Option target="&lt;{~None~}&gt;" />
		</Unit>
		<Unit filename="../gameshared/q_comref.h">
			<Option target="&lt;{~None~}&gt;" />
		</Unit>
		<Unit filename="../gameshared/q_cvar.h">
			<Option target="&lt;{~None~}&gt;" />
		</Unit>
		<Unit filename="../gameshared/q_dynvar.h">
			<Option target="&lt;{~None~}&gt;" />
		</Unit>
		<Unit filename="../gameshared/q_math.c">
			<Option compilerVar="CC" />
			<Option target="&lt;{~None~}&gt;" />
		</Unit>
		<Unit filename="../gameshared/q_math.h">
			<Option target="&lt;{~None~}&gt;" />
		</Unit>
		<Unit filename="../gameshared/q_shared.c">
			<Option compilerVar="CC" />
			<Option target="&lt;{~None~}&gt;" />
		</Unit>
		<Unit filename="../gameshared/q_shared.h">
			<Option target="&lt;{~None~}&gt;" />
		</Unit>
		<Extensions>
			<code_completion />
			<debugger />
		</Extensions>
	</Project>
</CodeBlocks_project_file>
