<?xml version="1.0" encoding="UTF-8" standalone="yes" ?>
<CodeBlocks_project_file>
	<FileVersion major="1" minor="6" />
	<Project>
		<Option title="angelwrap" />
		<Option makefile_is_custom="1" />
		<Option pch_mode="2" />
		<Option compiler="gcc" />
		<Build>
			<Target title="Debug">
				<Option type="4" />
				<Option compiler="gcc" />
				<Compiler>
					<Add option="-O2" />
					<Add option="-W" />
					<Add option="-DWIN32" />
					<Add option="-DNDEBUG" />
					<Add option="-D_WINDOWS" />
					<Add directory="../win32/include" />
				</Compiler>
				<ResourceCompiler>
					<Add directory="../win32/include" />
				</ResourceCompiler>
				<Linker>
					<Add library="angelscriptd" />
					<Add directory="../win32/x86/lib" />
				</Linker>
				<MakeCommands>
					<Build command="DEBUG_BUILD=YES $make -C ../ -f $makefile angelwrap" />
					<CompileFile command="DEBUG_BUILD=YES $make -C ../ -f $makefile $file" />
					<Clean command="DEBUG_BUILD=YES $make -C ../ -f $makefile clean-angelwrap" />
					<DistClean command="DEBUG_BUILD=YES $make -C ../ -f $makefile distclean-angelwrap" />
				</MakeCommands>
			</Target>
			<Target title="Debug MinGW">
				<Option type="4" />
				<Option compiler="gcc" />
				<Compiler>
					<Add option="-O2" />
					<Add option="-W" />
					<Add option="-DWIN32" />
					<Add option="-DNDEBUG" />
					<Add option="-D_WINDOWS" />
					<Add directory="../win32/include" />
				</Compiler>
				<ResourceCompiler>
					<Add directory="../win32/include" />
				</ResourceCompiler>
				<Linker>
					<Add library="angelscriptd" />
					<Add directory="../win32/x86/lib" />
				</Linker>
				<MakeCommands>
					<Build command="USE_MINGW=YES DEBUG_BUILD=YES $make -C ../ -f $makefile angelwrap" />
					<CompileFile command="USE_MINGW=YES DEBUG_BUILD=YES $make -C ../ -f $makefile $file" />
					<Clean command="USE_MINGW=YES DEBUG_BUILD=YES $make -C ../ -f $makefile clean-angelwrap" />
					<DistClean command="USE_MINGW=YES DEBUG_BUILD=YES $make -C ../ -f $makefile distclean-angelwrap" />
				</MakeCommands>
			</Target>
			<Target title="Release">
				<Option type="4" />
				<Option compiler="gcc" />
				<Compiler>
					<Add option="-O2" />
					<Add option="-W" />
					<Add option="-DWIN32" />
					<Add option="-DNDEBUG" />
					<Add option="-D_WINDOWS" />
					<Add directory="../win32/include" />
				</Compiler>
				<ResourceCompiler>
					<Add directory="../win32/include" />
				</ResourceCompiler>
				<Linker>
					<Add library="angelscriptd" />
					<Add directory="../win32/x86/lib" />
				</Linker>
				<MakeCommands>
					<Build command="DEBUG_BUILD=NO $make -C ../ -f $makefile angelwrap" />
					<CompileFile command="DEBUG_BUILD=NO $make -C ../ -f $makefile $file" />
					<Clean command="DEBUG_BUILD=NO $make -C ../ -f $makefile clean-angelwrap" />
					<DistClean command="DEBUG_BUILD=NO $make -C ../ -f $makefile distclean-angelwrap" />
				</MakeCommands>
			</Target>
			<Target title="Release MinGW">
				<Option type="4" />
				<Option compiler="gcc" />
				<Compiler>
					<Add option="-O2" />
					<Add option="-W" />
					<Add option="-DWIN32" />
					<Add option="-DNDEBUG" />
					<Add option="-D_WINDOWS" />
					<Add directory="../win32/include" />
				</Compiler>
				<ResourceCompiler>
					<Add directory="../win32/include" />
				</ResourceCompiler>
				<Linker>
					<Add library="angelscriptd" />
					<Add directory="../win32/x86/lib" />
				</Linker>
				<MakeCommands>
					<Build command="USE_MINGW=YES DEBUG_BUILD=NO $make -C ../ -f $makefile angelwrap" />
					<CompileFile command="USE_MINGW=YES DEBUG_BUILD=NO $make -C ../ -f $makefile $file" />
					<Clean command="USE_MINGW=YES DEBUG_BUILD=NO $make -C ../ -f $makefile clean-angelwrap" />
					<DistClean command="USE_MINGW=YES DEBUG_BUILD=NO $make -C ../ -f $makefile distclean-angelwrap" />
				</MakeCommands>
			</Target>
		</Build>
		<Unit filename="angelwrap.def" />
		<Unit filename="qas_angelwrap.cpp" />
		<Unit filename="qas_local.h" />
		<Unit filename="qas_main.cpp" />
		<Unit filename="qas_public.h" />
		<Unit filename="qas_syscalls.cpp" />
		<Unit filename="qas_syscalls.h" />
		<Unit filename="../gameshared/config.h" />
		<Unit filename="../gameshared/q_angelwrap.h" />
		<Unit filename="../gameshared/q_arch.h" />
		<Unit filename="../gameshared/q_cvar.h" />
		<Unit filename="../gameshared/q_dynvar.h" />
		<Unit filename="../gameshared/q_shared.c">
			<Option compilerVar="CC" />
		</Unit>
		<Unit filename="../gameshared/q_shared.h" />
		<Unit filename="../win32/include/angelscript.h" />
		<Extensions>
			<code_completion />
			<debugger />
		</Extensions>
	</Project>
</CodeBlocks_project_file>
