Microsoft Visual Studio Solution File, Format Version 10.00
# Visual C++ Express 2008
Project("{8BC9CEB8-8B4A-11D0-8D11-00A0C91BC942}") = "cgame", "cgame\cgame_vc9.vcproj", "{D96E7BA7-D2FE-4D14-9089-E467B8ED6C1A}"
EndProject
Project("{8BC9CEB8-8B4A-11D0-8D11-00A0C91BC942}") = "game", "game\game_vc9.vcproj", "{BB62470B-2570-4A00-AA33-C556B1DD15D7}"
EndProject
Project("{8BC9CEB8-8B4A-11D0-8D11-00A0C91BC942}") = "ui", "ui.old\ui_vc9.vcproj", "{341C5545-63B7-4393-BC50-25CAA7FAFA07}"
EndProject
Global
	GlobalSection(SolutionConfigurationPlatforms) = preSolution
		Debug|Win32 = Debug|Win32
		Debug|x64 = Debug|x64
		Release|Win32 = Release|Win32
		Release|x64 = Release|x64
		ReleaseDebug|Win32 = ReleaseDebug|Win32
		Release-Debug|Win32 = Release-Debug|Win32
		ReleaseDebug|x64 = ReleaseDebug|x64
		Release-Debug|x64 = Release-Debug|x64
	EndGlobalSection
	GlobalSection(ProjectConfigurationPlatforms) = postSolution
		{D96E7BA7-D2FE-4D14-9089-E467B8ED6C1A}.Debug|Win32.ActiveCfg = Debug|Win32
		{D96E7BA7-D2FE-4D14-9089-E467B8ED6C1A}.Debug|Win32.Build.0 = Debug|Win32
		{D96E7BA7-D2FE-4D14-9089-E467B8ED6C1A}.Debug|x64.ActiveCfg = Debug|x64
		{D96E7BA7-D2FE-4D14-9089-E467B8ED6C1A}.Debug|x64.Build.0 = Debug|x64
		{D96E7BA7-D2FE-4D14-9089-E467B8ED6C1A}.Release|Win32.ActiveCfg = Release|Win32
		{D96E7BA7-D2FE-4D14-9089-E467B8ED6C1A}.Release|Win32.Build.0 = Release|Win32
		{D96E7BA7-D2FE-4D14-9089-E467B8ED6C1A}.Release|x64.ActiveCfg = Release|x64
		{D96E7BA7-D2FE-4D14-9089-E467B8ED6C1A}.Release|x64.Build.0 = Release|x64
		{D96E7BA7-D2FE-4D14-9089-E467B8ED6C1A}.ReleaseDebug|Win32.ActiveCfg = Debug|Win32
		{D96E7BA7-D2FE-4D14-9089-E467B8ED6C1A}.ReleaseDebug|Win32.Build.0 = Debug|Win32
		{D96E7BA7-D2FE-4D14-9089-E467B8ED6C1A}.Release-Debug|Win32.ActiveCfg = Release-Debug|Win32
		{D96E7BA7-D2FE-4D14-9089-E467B8ED6C1A}.Release-Debug|Win32.Build.0 = Release-Debug|Win32
		{D96E7BA7-D2FE-4D14-9089-E467B8ED6C1A}.ReleaseDebug|x64.ActiveCfg = Debug|x64
		{D96E7BA7-D2FE-4D14-9089-E467B8ED6C1A}.ReleaseDebug|x64.Build.0 = Debug|x64
		{D96E7BA7-D2FE-4D14-9089-E467B8ED6C1A}.Release-Debug|x64.ActiveCfg = Release-Debug|Win32
		{BB62470B-2570-4A00-AA33-C556B1DD15D7}.Debug|Win32.ActiveCfg = Debug|Win32
		{BB62470B-2570-4A00-AA33-C556B1DD15D7}.Debug|Win32.Build.0 = Debug|Win32
		{BB62470B-2570-4A00-AA33-C556B1DD15D7}.Debug|x64.ActiveCfg = Debug|x64
		{BB62470B-2570-4A00-AA33-C556B1DD15D7}.Debug|x64.Build.0 = Debug|x64
		{BB62470B-2570-4A00-AA33-C556B1DD15D7}.Release|Win32.ActiveCfg = Release|Win32
		{BB62470B-2570-4A00-AA33-C556B1DD15D7}.Release|Win32.Build.0 = Release|Win32
		{BB62470B-2570-4A00-AA33-C556B1DD15D7}.Release|x64.ActiveCfg = Release|x64
		{BB62470B-2570-4A00-AA33-C556B1DD15D7}.Release|x64.Build.0 = Release|x64
		{BB62470B-2570-4A00-AA33-C556B1DD15D7}.ReleaseDebug|Win32.ActiveCfg = Debug|Win32
		{BB62470B-2570-4A00-AA33-C556B1DD15D7}.ReleaseDebug|Win32.Build.0 = Debug|Win32
		{BB62470B-2570-4A00-AA33-C556B1DD15D7}.Release-Debug|Win32.ActiveCfg = Release-Debug|Win32
		{BB62470B-2570-4A00-AA33-C556B1DD15D7}.Release-Debug|Win32.Build.0 = Release-Debug|Win32
		{BB62470B-2570-4A00-AA33-C556B1DD15D7}.ReleaseDebug|x64.ActiveCfg = Debug|x64
		{BB62470B-2570-4A00-AA33-C556B1DD15D7}.ReleaseDebug|x64.Build.0 = Debug|x64
		{BB62470B-2570-4A00-AA33-C556B1DD15D7}.Release-Debug|x64.ActiveCfg = Release-Debug|Win32
		{341C5545-63B7-4393-BC50-25CAA7FAFA07}.Debug|Win32.ActiveCfg = Debug|Win32
		{341C5545-63B7-4393-BC50-25CAA7FAFA07}.Debug|Win32.Build.0 = Debug|Win32
		{341C5545-63B7-4393-BC50-25CAA7FAFA07}.Debug|x64.ActiveCfg = Debug|x64
		{341C5545-63B7-4393-BC50-25CAA7FAFA07}.Debug|x64.Build.0 = Debug|x64
		{341C5545-63B7-4393-BC50-25CAA7FAFA07}.Release|Win32.ActiveCfg = Release|Win32
		{341C5545-63B7-4393-BC50-25CAA7FAFA07}.Release|Win32.Build.0 = Release|Win32
		{341C5545-63B7-4393-BC50-25CAA7FAFA07}.Release|x64.ActiveCfg = Release|x64
		{341C5545-63B7-4393-BC50-25CAA7FAFA07}.Release|x64.Build.0 = Release|x64
		{341C5545-63B7-4393-BC50-25CAA7FAFA07}.ReleaseDebug|Win32.ActiveCfg = Debug|Win32
		{341C5545-63B7-4393-BC50-25CAA7FAFA07}.ReleaseDebug|Win32.Build.0 = Debug|Win32
		{341C5545-63B7-4393-BC50-25CAA7FAFA07}.Release-Debug|Win32.ActiveCfg = Release-Debug|Win32
		{341C5545-63B7-4393-BC50-25CAA7FAFA07}.Release-Debug|Win32.Build.0 = Release-Debug|Win32
		{341C5545-63B7-4393-BC50-25CAA7FAFA07}.ReleaseDebug|x64.ActiveCfg = Debug|x64
		{341C5545-63B7-4393-BC50-25CAA7FAFA07}.ReleaseDebug|x64.Build.0 = Debug|x64
		{341C5545-63B7-4393-BC50-25CAA7FAFA07}.Release-Debug|x64.ActiveCfg = Release-Debug|x64
		{341C5545-63B7-4393-BC50-25CAA7FAFA07}.Release-Debug|x64.Build.0 = Release-Debug|x64
	EndGlobalSection
	GlobalSection(SolutionProperties) = preSolution
		HideSolutionNode = FALSE
	EndGlobalSection
EndGlobal
